
Microsoft Visual Studio Solution File, Format Version 12.00
# Visual Studio Version 17
VisualStudioVersion = 17.14.36202.13 d17.14
MinimumVisualStudioVersion = 10.0.40219.1
Project("{FAE04EC0-301F-11D3-BF4B-00C04F79EFBC}") = "MSGraphWebhookListeneer", "MSGraphWebhookListeneer\MSGraphWebhookListeneer.csproj", "{CC1FDBF6-ADAF-41B6-ADB8-7372CD2BBD78}"
EndProject
Global
	GlobalSection(SolutionConfigurationPlatforms) = preSolution
		Debug|Any CPU = Debug|Any CPU
		Release|Any CPU = Release|Any CPU
	EndGlobalSection
	GlobalSection(ProjectConfigurationPlatforms) = postSolution
		{CC1FDBF6-ADAF-41B6-ADB8-7372CD2BBD78}.Debug|Any CPU.ActiveCfg = Debug|Any CPU
		{CC1FDBF6-ADAF-41B6-ADB8-7372CD2BBD78}.Debug|Any CPU.Build.0 = Debug|Any CPU
		{CC1FDBF6-ADAF-41B6-ADB8-7372CD2BBD78}.Release|Any CPU.ActiveCfg = Release|Any CPU
		{CC1FDBF6-ADAF-41B6-ADB8-7372CD2BBD78}.Release|Any CPU.Build.0 = Release|Any CPU
	EndGlobalSection
	GlobalSection(SolutionProperties) = preSolution
		HideSolutionNode = FALSE
	EndGlobalSection
	GlobalSection(ExtensibilityGlobals) = postSolution
		SolutionGuid = {F3B0315D-940F-426A-9B63-6F1DB12A8B17}
	EndGlobalSection
EndGlobal
